packages:
  - package: dbt-labs/dbt_utils
    version: 1.2.0
  - package: calogica/dbt_expectations
    version: 0.10.3
  - package: dbt-labs/dbt_project_evaluator
    version: 0.12.2
  - package: elementary-data/elementary
    version: 0.16.0
  - package: calogica/dbt_date
    version: 0.10.1
sha1_hash: a68025f946f355433260f8626aef158ee28c4a1e
